<?xml version="1.0" encoding="utf-8"?>
<Project ToolsVersion="4.0" xmlns="http://schemas.microsoft.com/developer/msbuild/2003">
  <ItemGroup>
    <Filter Include="Source Files">
      <UniqueIdentifier>{4FC737F1-C7A5-4376-A066-2A32D752A2FF}</UniqueIdentifier>
      <Extensions>cpp;c;cc;cxx;def;odl;idl;hpj;bat;asm;asmx</Extensions>
    </Filter>
    <Filter Include="Header Files">
      <UniqueIdentifier>{93995380-89BD-4b04-88EB-625FBE52EBFB}</UniqueIdentifier>
      <Extensions>h;hh;hpp;hxx;hm;inl;inc;xsd</Extensions>
    </Filter>
    <Filter Include="Resource Files">
      <UniqueIdentifier>{67DA6AB6-F800-4c08-8B7A-83BB121AAD01}</UniqueIdentifier>
      <Extensions>rc;ico;cur;bmp;dlg;rc2;rct;bin;rgs;gif;jpg;jpeg;jpe;resx;tiff;tif;png;wav;mfcribbon-ms</Extensions>
    </Filter>
    <Filter Include="Source Files\shaders">
      <UniqueIdentifier>{1650a591-5590-49a3-8f8c-97b749141157}</UniqueIdentifier>
    </Filter>
    <Filter Include="Source Files\shaders\Outer Circle">
      <UniqueIdentifier>{14667b6e-c956-4b33-ba41-883e32253e1f}</UniqueIdentifier>
    </Filter>
    <Filter Include="Source Files\shaders\Lines">
      <UniqueIdentifier>{18f18444-2ea5-40ef-924d-a0a0c491d322}</UniqueIdentifier>
    </Filter>
    <Filter Include="Source Files\shaders\Inner Circle">
      <UniqueIdentifier>{09bd302a-517d-4ec9-8e97-105a498e3f8c}</UniqueIdentifier>
    </Filter>
  </ItemGroup>
  <ItemGroup>
    <ClCompile Include="src\Main.cpp">
      <Filter>Source Files</Filter>
    </ClCompile>
    <ClCompile Include="src\Tools.cpp">
      <Filter>Source Files</Filter>
    </ClCompile>
    <ClCompile Include="libraries\GLAD V4.5\src\glad.c">
      <Filter>Resource Files</Filter>
    </ClCompile>
    <ClCompile Include="src\Shaders.cpp">
      <Filter>Source Files</Filter>
    </ClCompile>
    <ClCompile Include="src\Buffers.cpp">
      <Filter>Source Files</Filter>
    </ClCompile>
  </ItemGroup>
  <ItemGroup>
    <ClInclude Include="src\Header.h">
      <Filter>Header Files</Filter>
    </ClInclude>
  </ItemGroup>
  <ItemGroup>
    <None Include="shaders\outer circle\oc.frag">
      <Filter>Source Files\shaders\Outer Circle</Filter>
    </None>
    <None Include="shaders\outer circle\oc.vert">
      <Filter>Source Files\shaders\Outer Circle</Filter>
    </None>
    <None Include="shaders\inner circle\ic.frag">
      <Filter>Source Files\shaders\Inner Circle</Filter>
    </None>
    <None Include="shaders\inner circle\ic.vert">
      <Filter>Source Files\shaders\Inner Circle</Filter>
    </None>
    <None Include="shaders\lines\lines.frag">
      <Filter>Source Files\shaders\Lines</Filter>
    </None>
    <None Include="shaders\lines\lines.vert">
      <Filter>Source Files\shaders\Lines</Filter>
    </None>
  </ItemGroup>
</Project>